
Microsoft Visual Studio Solution File, Format Version 12.00
# Visual Studio 15
VisualStudioVersion = 15.0.26430.16
MinimumVisualStudioVersion = 10.0.40219.1
Project("{FAE04EC0-301F-11D3-BF4B-00C04F79EFBC}") = "EF1", "EF1\EF1.csproj", "{0F0029BC-9EA2-4A95-B0FF-812BF066C55E}"
EndProject
Project("{FAE04EC0-301F-11D3-BF4B-00C04F79EFBC}") = "EnitityLayer", "EnitityLayer\EnitityLayer.csproj", "{E696BE73-2C94-4C0E-BD9A-9B6AA4505801}"
EndProject
Project("{FAE04EC0-301F-11D3-BF4B-00C04F79EFBC}") = "DataLayer", "DataLayer\DataLayer.csproj", "{CEA134F4-B0CB-4B3C-BF85-BA9904358570}"
EndProject
Project("{FAE04EC0-301F-11D3-BF4B-00C04F79EFBC}") = "Businesslayer", "Businesslayer\Businesslayer.csproj", "{5EB2AE38-43C9-4EF2-AC5A-452843635465}"
EndProject
Global
	GlobalSection(SolutionConfigurationPlatforms) = preSolution
		Debug|Any CPU = Debug|Any CPU
		Release|Any CPU = Release|Any CPU
	EndGlobalSection
	GlobalSection(ProjectConfigurationPlatforms) = postSolution
		{0F0029BC-9EA2-4A95-B0FF-812BF066C55E}.Debug|Any CPU.ActiveCfg = Debug|Any CPU
		{0F0029BC-9EA2-4A95-B0FF-812BF066C55E}.Debug|Any CPU.Build.0 = Debug|Any CPU
		{0F0029BC-9EA2-4A95-B0FF-812BF066C55E}.Release|Any CPU.ActiveCfg = Release|Any CPU
		{0F0029BC-9EA2-4A95-B0FF-812BF066C55E}.Release|Any CPU.Build.0 = Release|Any CPU
		{E696BE73-2C94-4C0E-BD9A-9B6AA4505801}.Debug|Any CPU.ActiveCfg = Debug|Any CPU
		{E696BE73-2C94-4C0E-BD9A-9B6AA4505801}.Debug|Any CPU.Build.0 = Debug|Any CPU
		{E696BE73-2C94-4C0E-BD9A-9B6AA4505801}.Release|Any CPU.ActiveCfg = Release|Any CPU
		{E696BE73-2C94-4C0E-BD9A-9B6AA4505801}.Release|Any CPU.Build.0 = Release|Any CPU
		{CEA134F4-B0CB-4B3C-BF85-BA9904358570}.Debug|Any CPU.ActiveCfg = Debug|Any CPU
		{CEA134F4-B0CB-4B3C-BF85-BA9904358570}.Debug|Any CPU.Build.0 = Debug|Any CPU
		{CEA134F4-B0CB-4B3C-BF85-BA9904358570}.Release|Any CPU.ActiveCfg = Release|Any CPU
		{CEA134F4-B0CB-4B3C-BF85-BA9904358570}.Release|Any CPU.Build.0 = Release|Any CPU
		{5EB2AE38-43C9-4EF2-AC5A-452843635465}.Debug|Any CPU.ActiveCfg = Debug|Any CPU
		{5EB2AE38-43C9-4EF2-AC5A-452843635465}.Debug|Any CPU.Build.0 = Debug|Any CPU
		{5EB2AE38-43C9-4EF2-AC5A-452843635465}.Release|Any CPU.ActiveCfg = Release|Any CPU
		{5EB2AE38-43C9-4EF2-AC5A-452843635465}.Release|Any CPU.Build.0 = Release|Any CPU
	EndGlobalSection
	GlobalSection(SolutionProperties) = preSolution
		HideSolutionNode = FALSE
	EndGlobalSection
	GlobalSection(ExtensibilityGlobals) = postSolution
		SolutionGuid = {B521319B-37E7-4DBA-9728-ADE1976A95F3}
	EndGlobalSection
EndGlobal
